{
  "name": "@qpoint/endpoint",
  "version": "0.0.0",
  "lockfileVersion": 3,
  "requires": true,
  "packages": {
    "": {
      "name": "@qpoint/endpoint",
      "version": "0.0.0",
      "license": "Apache-2.0",
      "dependencies": {
        "htmlrewriter": "^0.0.4",
        "koa-compose": "^4.1.0"
      },
      "devDependencies": {
        "@cloudflare/workers-types": "^3.5.1",
        "@types/node": "^17.0.25",
        "typescript": "^4.6.3"
      }
    },
    "node_modules/@cloudflare/workers-types": {
      "version": "3.19.0",
      "resolved": "https://registry.npmjs.org/@cloudflare/workers-types/-/workers-types-3.19.0.tgz",
      "integrity": "sha512-0FRcsz7Ea3jT+gc5gKPIYciykm1bbAaTpygdzpCwGt0RL+V83zWnYN30NWDW4rIHj/FHtz+MIuBKS61C8l7AzQ==",
      "dev": true
    },
    "node_modules/@types/node": {
      "version": "17.0.45",
      "resolved": "https://registry.npmjs.org/@types/node/-/node-17.0.45.tgz",
      "integrity": "sha512-w+tIMs3rq2afQdsPJlODhoUEKzFP1ayaoyl1CcnwtIlsVe7K7bA1NGm4s3PraqTLlXnbIN84zuBlxBWo1u9BLw==",
      "dev": true
    },
    "node_modules/htmlrewriter": {
      "version": "0.0.4",
      "resolved": "https://registry.npmjs.org/htmlrewriter/-/htmlrewriter-0.0.4.tgz",
      "integrity": "sha512-zfU0WUhJMH85vvS4bE5A2DwiMIgF4fI5lkMIDDE4wDC7LCS1Z6IGOyEsjZcjzgJ+A/tQZ4WSsaE9qPIjbaVKgQ=="
    },
    "node_modules/koa-compose": {
      "version": "4.1.0",
      "resolved": "https://registry.npmjs.org/koa-compose/-/koa-compose-4.1.0.tgz",
      "integrity": "sha512-8ODW8TrDuMYvXRwra/Kh7/rJo9BtOfPc6qO8eAfC80CnCvSjSl0bkRM24X6/XBBEyj0v1nRUQ1LyOy3dbqOWXw=="
    },
    "node_modules/typescript": {
      "version": "4.9.5",
      "resolved": "https://registry.npmjs.org/typescript/-/typescript-4.9.5.tgz",
      "integrity": "sha512-1FXk9E2Hm+QzZQ7z+McJiHL4NW1F2EzMu9Nq9i3zAaGqibafqYwCVU6WyWAuyQRRzOlxou8xZSyXLEN8oKj24g==",
      "dev": true,
      "bin": {
        "tsc": "bin/tsc",
        "tsserver": "bin/tsserver"
      },
      "engines": {
        "node": ">=4.2.0"
      }
    }
  }
}
